
Microsoft Visual Studio Solution File, Format Version 12.00
# Visual Studio Version 16
VisualStudioVersion = 16.0.30717.126
MinimumVisualStudioVersion = 10.0.40219.1
Project("{9A19103F-16F7-4668-BE54-9A1E7A4F7556}") = "Day1", "Day1\Day1.csproj", "{19821737-849F-4930-9A4D-666F3269C974}"
EndProject
Project("{9A19103F-16F7-4668-BE54-9A1E7A4F7556}") = "Day2", "Day2\Day2.csproj", "{B4E06686-49F1-4B84-9D7F-4F952BA0E872}"
EndProject
Project("{FAE04EC0-301F-11D3-BF4B-00C04F79EFBC}") = "Helpers", "Helpers\Helpers.csproj", "{9E15E16A-216F-4448-A0A0-26AF5F5AB8DE}"
EndProject
Project("{FAE04EC0-301F-11D3-BF4B-00C04F79EFBC}") = "Day3", "Day3\Day3.csproj", "{A534D2A0-1517-446E-A343-35AFED2E0637}"
EndProject
Project("{FAE04EC0-301F-11D3-BF4B-00C04F79EFBC}") = "Day4", "Day4\Day4.csproj", "{A768F54D-7DD0-45DA-B02C-02DBC40077B4}"
EndProject
Project("{FAE04EC0-301F-11D3-BF4B-00C04F79EFBC}") = "Day5", "Day5\Day5.csproj", "{65A0938C-3A15-4461-979A-EF07A019869C}"
EndProject
Project("{FAE04EC0-301F-11D3-BF4B-00C04F79EFBC}") = "Day6", "Day6\Day6.csproj", "{21ABB3FC-F31E-4C47-80AC-0E7A32B87A56}"
EndProject
Project("{FAE04EC0-301F-11D3-BF4B-00C04F79EFBC}") = "Day7", "Day7\Day7.csproj", "{75FD5381-3840-4254-AE8E-4A9818997F01}"
EndProject
Project("{FAE04EC0-301F-11D3-BF4B-00C04F79EFBC}") = "Day8", "Day8\Day8.csproj", "{447901EC-B931-4BF6-9E43-15A5315B691A}"
EndProject
Project("{FAE04EC0-301F-11D3-BF4B-00C04F79EFBC}") = "Day9", "Day9\Day9.csproj", "{9F0B4752-15EC-4ADA-AD37-258372F0C041}"
EndProject
Global
	GlobalSection(SolutionConfigurationPlatforms) = preSolution
		Debug|Any CPU = Debug|Any CPU
		Release|Any CPU = Release|Any CPU
	EndGlobalSection
	GlobalSection(ProjectConfigurationPlatforms) = postSolution
		{19821737-849F-4930-9A4D-666F3269C974}.Debug|Any CPU.ActiveCfg = Debug|Any CPU
		{19821737-849F-4930-9A4D-666F3269C974}.Debug|Any CPU.Build.0 = Debug|Any CPU
		{19821737-849F-4930-9A4D-666F3269C974}.Release|Any CPU.ActiveCfg = Release|Any CPU
		{19821737-849F-4930-9A4D-666F3269C974}.Release|Any CPU.Build.0 = Release|Any CPU
		{B4E06686-49F1-4B84-9D7F-4F952BA0E872}.Debug|Any CPU.ActiveCfg = Debug|Any CPU
		{B4E06686-49F1-4B84-9D7F-4F952BA0E872}.Debug|Any CPU.Build.0 = Debug|Any CPU
		{B4E06686-49F1-4B84-9D7F-4F952BA0E872}.Release|Any CPU.ActiveCfg = Release|Any CPU
		{B4E06686-49F1-4B84-9D7F-4F952BA0E872}.Release|Any CPU.Build.0 = Release|Any CPU
		{9E15E16A-216F-4448-A0A0-26AF5F5AB8DE}.Debug|Any CPU.ActiveCfg = Debug|Any CPU
		{9E15E16A-216F-4448-A0A0-26AF5F5AB8DE}.Debug|Any CPU.Build.0 = Debug|Any CPU
		{9E15E16A-216F-4448-A0A0-26AF5F5AB8DE}.Release|Any CPU.ActiveCfg = Release|Any CPU
		{9E15E16A-216F-4448-A0A0-26AF5F5AB8DE}.Release|Any CPU.Build.0 = Release|Any CPU
		{A534D2A0-1517-446E-A343-35AFED2E0637}.Debug|Any CPU.ActiveCfg = Debug|Any CPU
		{A534D2A0-1517-446E-A343-35AFED2E0637}.Debug|Any CPU.Build.0 = Debug|Any CPU
		{A534D2A0-1517-446E-A343-35AFED2E0637}.Release|Any CPU.ActiveCfg = Release|Any CPU
		{A534D2A0-1517-446E-A343-35AFED2E0637}.Release|Any CPU.Build.0 = Release|Any CPU
		{A768F54D-7DD0-45DA-B02C-02DBC40077B4}.Debug|Any CPU.ActiveCfg = Debug|Any CPU
		{A768F54D-7DD0-45DA-B02C-02DBC40077B4}.Debug|Any CPU.Build.0 = Debug|Any CPU
		{A768F54D-7DD0-45DA-B02C-02DBC40077B4}.Release|Any CPU.ActiveCfg = Release|Any CPU
		{A768F54D-7DD0-45DA-B02C-02DBC40077B4}.Release|Any CPU.Build.0 = Release|Any CPU
		{65A0938C-3A15-4461-979A-EF07A019869C}.Debug|Any CPU.ActiveCfg = Debug|Any CPU
		{65A0938C-3A15-4461-979A-EF07A019869C}.Debug|Any CPU.Build.0 = Debug|Any CPU
		{65A0938C-3A15-4461-979A-EF07A019869C}.Release|Any CPU.ActiveCfg = Release|Any CPU
		{65A0938C-3A15-4461-979A-EF07A019869C}.Release|Any CPU.Build.0 = Release|Any CPU
		{21ABB3FC-F31E-4C47-80AC-0E7A32B87A56}.Debug|Any CPU.ActiveCfg = Debug|Any CPU
		{21ABB3FC-F31E-4C47-80AC-0E7A32B87A56}.Debug|Any CPU.Build.0 = Debug|Any CPU
		{21ABB3FC-F31E-4C47-80AC-0E7A32B87A56}.Release|Any CPU.ActiveCfg = Release|Any CPU
		{21ABB3FC-F31E-4C47-80AC-0E7A32B87A56}.Release|Any CPU.Build.0 = Release|Any CPU
		{75FD5381-3840-4254-AE8E-4A9818997F01}.Debug|Any CPU.ActiveCfg = Debug|Any CPU
		{75FD5381-3840-4254-AE8E-4A9818997F01}.Debug|Any CPU.Build.0 = Debug|Any CPU
		{75FD5381-3840-4254-AE8E-4A9818997F01}.Release|Any CPU.ActiveCfg = Release|Any CPU
		{75FD5381-3840-4254-AE8E-4A9818997F01}.Release|Any CPU.Build.0 = Release|Any CPU
		{447901EC-B931-4BF6-9E43-15A5315B691A}.Debug|Any CPU.ActiveCfg = Debug|Any CPU
		{447901EC-B931-4BF6-9E43-15A5315B691A}.Debug|Any CPU.Build.0 = Debug|Any CPU
		{447901EC-B931-4BF6-9E43-15A5315B691A}.Release|Any CPU.ActiveCfg = Release|Any CPU
		{447901EC-B931-4BF6-9E43-15A5315B691A}.Release|Any CPU.Build.0 = Release|Any CPU
		{9F0B4752-15EC-4ADA-AD37-258372F0C041}.Debug|Any CPU.ActiveCfg = Debug|Any CPU
		{9F0B4752-15EC-4ADA-AD37-258372F0C041}.Debug|Any CPU.Build.0 = Debug|Any CPU
		{9F0B4752-15EC-4ADA-AD37-258372F0C041}.Release|Any CPU.ActiveCfg = Release|Any CPU
		{9F0B4752-15EC-4ADA-AD37-258372F0C041}.Release|Any CPU.Build.0 = Release|Any CPU
	EndGlobalSection
	GlobalSection(SolutionProperties) = preSolution
		HideSolutionNode = FALSE
	EndGlobalSection
	GlobalSection(ExtensibilityGlobals) = postSolution
		SolutionGuid = {AB4257DD-F18A-49B5-8EB6-4E69B30007FF}
	EndGlobalSection
EndGlobal
